
Microsoft Visual Studio Solution File, Format Version 12.00
# Visual Studio Version 16
VisualStudioVersion = 16.0.28803.202
MinimumVisualStudioVersion = 10.0.40219.1
Project("{6EC3EE1D-3C4E-46DD-8F32-0CC8E7565705}") = "Utilities", "Utilities\Utilities.fsproj", "{6E6F2CBD-AA59-4170-9E9C-6AE1C145F4F2}"
EndProject
Project("{6EC3EE1D-3C4E-46DD-8F32-0CC8E7565705}") = "2019", "2019\2019.fsproj", "{B5B6BE79-C20B-4196-B3F9-1CF9F6433B57}"
EndProject
Project("{F2A71F9B-5D33-465A-A702-920D77279786}") = "2021", "2021\2021.fsproj", "{E2ECE11E-1331-4D02-9DC3-CC797F594327}"
EndProject
Project("{FAE04EC0-301F-11D3-BF4B-00C04F79EFBC}") = "Y21", "Y21\Y21.csproj", "{DBFD5F9B-D15B-484A-835B-A3C19B764D4F}"
EndProject
Project("{FAE04EC0-301F-11D3-BF4B-00C04F79EFBC}") = "Y22", "Y22\Y22.csproj", "{00E8977C-8A2D-49F8-81E3-954E2131BC8D}"
EndProject
Global
	GlobalSection(SolutionConfigurationPlatforms) = preSolution
		Debug|Any CPU = Debug|Any CPU
		Release|Any CPU = Release|Any CPU
	EndGlobalSection
	GlobalSection(ProjectConfigurationPlatforms) = postSolution
		{6E6F2CBD-AA59-4170-9E9C-6AE1C145F4F2}.Debug|Any CPU.ActiveCfg = Debug|Any CPU
		{6E6F2CBD-AA59-4170-9E9C-6AE1C145F4F2}.Debug|Any CPU.Build.0 = Debug|Any CPU
		{6E6F2CBD-AA59-4170-9E9C-6AE1C145F4F2}.Release|Any CPU.ActiveCfg = Release|Any CPU
		{6E6F2CBD-AA59-4170-9E9C-6AE1C145F4F2}.Release|Any CPU.Build.0 = Release|Any CPU
		{B5B6BE79-C20B-4196-B3F9-1CF9F6433B57}.Debug|Any CPU.ActiveCfg = Debug|Any CPU
		{B5B6BE79-C20B-4196-B3F9-1CF9F6433B57}.Debug|Any CPU.Build.0 = Debug|Any CPU
		{B5B6BE79-C20B-4196-B3F9-1CF9F6433B57}.Release|Any CPU.ActiveCfg = Release|Any CPU
		{B5B6BE79-C20B-4196-B3F9-1CF9F6433B57}.Release|Any CPU.Build.0 = Release|Any CPU
		{E2ECE11E-1331-4D02-9DC3-CC797F594327}.Debug|Any CPU.ActiveCfg = Debug|Any CPU
		{E2ECE11E-1331-4D02-9DC3-CC797F594327}.Debug|Any CPU.Build.0 = Debug|Any CPU
		{E2ECE11E-1331-4D02-9DC3-CC797F594327}.Release|Any CPU.ActiveCfg = Release|Any CPU
		{E2ECE11E-1331-4D02-9DC3-CC797F594327}.Release|Any CPU.Build.0 = Release|Any CPU
		{DBFD5F9B-D15B-484A-835B-A3C19B764D4F}.Debug|Any CPU.ActiveCfg = Debug|Any CPU
		{DBFD5F9B-D15B-484A-835B-A3C19B764D4F}.Debug|Any CPU.Build.0 = Debug|Any CPU
		{DBFD5F9B-D15B-484A-835B-A3C19B764D4F}.Release|Any CPU.ActiveCfg = Release|Any CPU
		{DBFD5F9B-D15B-484A-835B-A3C19B764D4F}.Release|Any CPU.Build.0 = Release|Any CPU
		{00E8977C-8A2D-49F8-81E3-954E2131BC8D}.Debug|Any CPU.ActiveCfg = Debug|Any CPU
		{00E8977C-8A2D-49F8-81E3-954E2131BC8D}.Debug|Any CPU.Build.0 = Debug|Any CPU
		{00E8977C-8A2D-49F8-81E3-954E2131BC8D}.Release|Any CPU.ActiveCfg = Release|Any CPU
		{00E8977C-8A2D-49F8-81E3-954E2131BC8D}.Release|Any CPU.Build.0 = Release|Any CPU
	EndGlobalSection
	GlobalSection(SolutionProperties) = preSolution
		HideSolutionNode = FALSE
	EndGlobalSection
	GlobalSection(ExtensibilityGlobals) = postSolution
		SolutionGuid = {CCF18B3C-D23D-4448-BAE7-3F8E617B86DC}
	EndGlobalSection
EndGlobal
